# THIS IS AN AUTOGENERATED FILE. DO NOT EDIT THIS FILE DIRECTLY.
# yarn lockfile v1


"@abp/aspnetcore.mvc.ui.theme.basic@~9.0.4":
  version "9.0.4"
  resolved "https://registry.yarnpkg.com/@abp/aspnetcore.mvc.ui.theme.basic/-/aspnetcore.mvc.ui.theme.basic-9.0.4.tgz#c6e92b45156a6815062a024c7e247803bc0f2bdb"
  integrity sha512-iZ0Uyo/O79QKxcgNrnMolDNpFTNZIoWwWuspRCZ8slRzdeMAtHFxnsRr02L1dWz9dmE9qyeohN2vnqKYEz8pWg==
  dependencies:
    "@abp/aspnetcore.mvc.ui.theme.shared" "~9.0.4"

"@abp/aspnetcore.mvc.ui.theme.shared@~9.0.4":
  version "9.0.4"
  resolved "https://registry.yarnpkg.com/@abp/aspnetcore.mvc.ui.theme.shared/-/aspnetcore.mvc.ui.theme.shared-9.0.4.tgz#d079650bcd82f09fb2354d5515a45842314f7566"
  integrity sha512-kRnOGDDFt0sK1XmIq2fYmMiZcPozDFkBHpMtUNSV2uzZBqZD9EzTp6ce863UuQxUYlboQvERvPrtnGBrexGj2w==
  dependencies:
    "@abp/aspnetcore.mvc.ui" "~9.0.4"
    "@abp/bootstrap" "~9.0.4"
    "@abp/bootstrap-datepicker" "~9.0.4"
    "@abp/bootstrap-daterangepicker" "~9.0.4"
    "@abp/datatables.net-bs5" "~9.0.4"
    "@abp/font-awesome" "~9.0.4"
    "@abp/jquery-form" "~9.0.4"
    "@abp/jquery-validation-unobtrusive" "~9.0.4"
    "@abp/lodash" "~9.0.4"
    "@abp/luxon" "~9.0.4"
    "@abp/malihu-custom-scrollbar-plugin" "~9.0.4"
    "@abp/moment" "~9.0.4"
    "@abp/select2" "~9.0.4"
    "@abp/sweetalert2" "~9.0.4"
    "@abp/timeago" "~9.0.4"
    "@abp/toastr" "~9.0.4"

"@abp/aspnetcore.mvc.ui@~9.0.4":
  version "9.0.4"
  resolved "https://registry.yarnpkg.com/@abp/aspnetcore.mvc.ui/-/aspnetcore.mvc.ui-9.0.4.tgz#42ff116e65b481a76b0ba972a09bd0d2a2d588ba"
  integrity sha512-FZQUOBjrti6pET7MJE1ajAUrFGcGXlgkeVfGRjyqXuimUzCuXi+VIYQgjHIwQF4EJLk3TA2gna8A3ZBcoxf3aQ==
  dependencies:
    ansi-colors "^4.1.3"

"@abp/bootstrap-datepicker@~9.0.4":
  version "9.0.4"
  resolved "https://registry.yarnpkg.com/@abp/bootstrap-datepicker/-/bootstrap-datepicker-9.0.4.tgz#b0379d65aa3c6206064d87960fecde8217b2e275"
  integrity sha512-BT0gXuF7wkNO9wtTmOmAMH3FvMvK09FdqVtJkSj+6/Mod7dNOpovTW0dQwozDDy+F4E7XqORdQKEWWRW2kPoiQ==
  dependencies:
    bootstrap-datepicker "^1.10.0"

"@abp/bootstrap-daterangepicker@~9.0.4":
  version "9.0.4"
  resolved "https://registry.yarnpkg.com/@abp/bootstrap-daterangepicker/-/bootstrap-daterangepicker-9.0.4.tgz#884350ad59299efb96a1917b457d28bf85f88362"
  integrity sha512-/8IyTX/+t8AIpBpfS3V0nQcDY9K9hrXZ5hUegyYchZjPi3MIDw8QTp+07ol7aXS/HpKp2eE/eIpa47//jti85Q==
  dependencies:
    bootstrap-daterangepicker "^3.1.0"

"@abp/bootstrap@~9.0.4":
  version "9.0.4"
  resolved "https://registry.yarnpkg.com/@abp/bootstrap/-/bootstrap-9.0.4.tgz#5bc38f06330f093d1a3bd3f8545b417dfef45e9e"
  integrity sha512-PNibZLfMvHz5Y1oZ2ZGIfKZ41lF9v1Ncdh2wugP4ASUkF5Hp3IadubiG9NXpqPtn3OnqfRIWfZlSJAJT1sAgkQ==
  dependencies:
    "@abp/core" "~9.0.4"
    bootstrap "^5.3.3"

"@abp/clipboard@~9.0.4":
  version "9.0.4"
  resolved "https://registry.yarnpkg.com/@abp/clipboard/-/clipboard-9.0.4.tgz#ad9daa27ffc514fdf70c33ee275a885164e69e1e"
  integrity sha512-qnwtH/+8/ID2r7VhRlsMGkg6k9X+VRJj/NyfpStwzehaMRJ4t0zkz3Fy58YRPlFC+XyNEz3oSjR2YhrpocS6yQ==
  dependencies:
    "@abp/core" "~9.0.4"
    clipboard "^2.0.11"

"@abp/core@~9.0.4":
  version "9.0.4"
  resolved "https://registry.yarnpkg.com/@abp/core/-/core-9.0.4.tgz#a0d089c45e4b61bb256dce610f714116d67c87a1"
  integrity sha512-hxk7VSFEEtJ9O/JFnL5SDjNJhLNhsJdNN8TlOXHQwkFSQKFttb3hxDQYz8XhCYX8RA79H7A7W4P4pMevaq8qMg==
  dependencies:
    "@abp/utils" "~9.0.4"

"@abp/datatables.net-bs5@~9.0.4":
  version "9.0.4"
  resolved "https://registry.yarnpkg.com/@abp/datatables.net-bs5/-/datatables.net-bs5-9.0.4.tgz#3661564cf708413585ff99def7afbc2fd5c1f363"
  integrity sha512-r72tlVbN8MbKOA/jxG1NPfHOuY7R0DZAr+3pEw3wqdIfKL7+8YreMXHzaIbtLmAFRdK9DLs04mHohBkrCmlT4A==
  dependencies:
    "@abp/datatables.net" "~9.0.4"
    datatables.net-bs5 "^2.1.8"

"@abp/datatables.net@~9.0.4":
  version "9.0.4"
  resolved "https://registry.yarnpkg.com/@abp/datatables.net/-/datatables.net-9.0.4.tgz#3627c3d62bfb91e4fc0090754f564fc259bd3f56"
  integrity sha512-mo/6RiaKcgzo8MTccgtfznrB05LdNrbcx7GbHzubym1mEIGc8w8mwjEQc8mif8CQ6YAf5ODVmT5xy/gG3EDB7g==
  dependencies:
    "@abp/jquery" "~9.0.4"
    datatables.net "^2.1.8"

"@abp/font-awesome@~9.0.4":
  version "9.0.4"
  resolved "https://registry.yarnpkg.com/@abp/font-awesome/-/font-awesome-9.0.4.tgz#76f7ec1e33bcbc6eb6570db6f126dfd3778d8528"
  integrity sha512-LjeI1nJbGRTe2jfQo+MMM9jVaI+OFHvzhKjS4eclCfR3tWy/+MjKqPpkz208z8fbnPwX9fwaF3uQNijR7y5Myg==
  dependencies:
    "@abp/core" "~9.0.4"
    "@fortawesome/fontawesome-free" "^6.6.0"

"@abp/jquery-form@~9.0.4":
  version "9.0.4"
  resolved "https://registry.yarnpkg.com/@abp/jquery-form/-/jquery-form-9.0.4.tgz#ac3fd6d93b94a865d98894c04991646e797293e4"
  integrity sha512-J2z6lFDvFaTGLVE1DzRDqrxZKnYgcHvY1bwm1JUEhfQkhxrBQIkweQQTGqSpQl126bLptSY10r51e+pLB1id4Q==
  dependencies:
    "@abp/jquery" "~9.0.4"
    jquery-form "^4.3.0"

"@abp/jquery-validation-unobtrusive@~9.0.4":
  version "9.0.4"
  resolved "https://registry.yarnpkg.com/@abp/jquery-validation-unobtrusive/-/jquery-validation-unobtrusive-9.0.4.tgz#0c6a83864044de79490ff3f92e5c1f874fecb680"
  integrity sha512-48OwOnGPno2yuhC3AafQDrpBTXqxS9T0ES9mmD4xBLnCqJ03uyRgLHhzSW2fLJiZfaiXqyAjo70Kcl4rl0eIHQ==
  dependencies:
    "@abp/jquery-validation" "~9.0.4"
    jquery-validation-unobtrusive "^4.0.0"

"@abp/jquery-validation@~9.0.4":
  version "9.0.4"
  resolved "https://registry.yarnpkg.com/@abp/jquery-validation/-/jquery-validation-9.0.4.tgz#2f45396956b11b2bd409af18953adec0f2d72d14"
  integrity sha512-edod+PDQqVufBcPGzKnest7pdDCe36APQiPj9pLAEgmNape9kIwgwSQkjsOnf0LKsHlbL/ydutFzs7EGliWWHg==
  dependencies:
    "@abp/jquery" "~9.0.4"
    jquery-validation "^1.21.0"

"@abp/jquery@~9.0.4":
  version "9.0.4"
  resolved "https://registry.yarnpkg.com/@abp/jquery/-/jquery-9.0.4.tgz#ad19d4329fd3dfc8cfe2090afcd92f1fe44e6905"
  integrity sha512-Mc/GnjQq80Ux9s+4+yq+MJWlSARyp9z1eF4UPvpJEXN4s2vbn5gmSmQmyU5RKcIkm785SfX55kT1mvWSoK40gQ==
  dependencies:
    "@abp/core" "~9.0.4"
    jquery "~3.7.1"

"@abp/lodash@~9.0.4":
  version "9.0.4"
  resolved "https://registry.yarnpkg.com/@abp/lodash/-/lodash-9.0.4.tgz#9235e27b51cf19388bb228a098b63e140336e38b"
  integrity sha512-tvsjQ/fvWzS6mX2WucTipd5eXs1aUwLBLaT7WIayAm5cyY3gdFPMlFrn3hHJV8RQCc7TJcEPOVcuy+8zm+iBmw==
  dependencies:
    "@abp/core" "~9.0.4"
    lodash "^4.17.21"

"@abp/luxon@~9.0.4":
  version "9.0.4"
  resolved "https://registry.yarnpkg.com/@abp/luxon/-/luxon-9.0.4.tgz#174da78a638a659a487ea027db7bb64026bb46d4"
  integrity sha512-u3iyQwYTAdKThSFKlQ4+sZ85bZon+NUlYbY+KY2tW5YBI2LzOST/0pYcgn/fbRm5Ap4QoDwZDEqhbjjI1LJgng==
  dependencies:
    "@abp/core" "~9.0.4"
    luxon "^3.5.0"

"@abp/malihu-custom-scrollbar-plugin@~9.0.4":
  version "9.0.4"
  resolved "https://registry.yarnpkg.com/@abp/malihu-custom-scrollbar-plugin/-/malihu-custom-scrollbar-plugin-9.0.4.tgz#1d26a9c87f8d33a6a274a6f0bc3c192929582c52"
  integrity sha512-pB0p4YuS38H7gNr6JsJnctmqnGlAvjgUVOo0kAlGeBicwk339CztcyRARS2t37wzqAwGGtktesMO7ldKKxJu2A==
  dependencies:
    "@abp/core" "~9.0.4"
    malihu-custom-scrollbar-plugin "^3.1.5"

"@abp/moment@~9.0.4":
  version "9.0.4"
  resolved "https://registry.yarnpkg.com/@abp/moment/-/moment-9.0.4.tgz#541938e3af7fcd5661ba2f2423f84f38c3d2ccdd"
  integrity sha512-EAue5A3Ft/wDBY8QNTDyRo0gzp9NzEQxUI2E8bBBxVqUwg0S8gaq3FqqNf7OtzMdG4rVZmAILis0ZaD2I8fDfg==
  dependencies:
    moment "^2.30.1"

"@abp/prismjs@~9.0.4":
  version "9.0.4"
  resolved "https://registry.yarnpkg.com/@abp/prismjs/-/prismjs-9.0.4.tgz#52943436bbaf55979b87291fe0a4ee9e9a87b9c9"
  integrity sha512-b5chHFO7sCPM5OCcltK5xw7p9ktEhkzoYSKJh5a79+VqW0XhN2UAWulIC0R9srxd+0v40HvWjFGcTh28WVL9CQ==
  dependencies:
    "@abp/clipboard" "~9.0.4"
    "@abp/core" "~9.0.4"
    prismjs "^1.29.0"

"@abp/select2@~9.0.4":
  version "9.0.4"
  resolved "https://registry.yarnpkg.com/@abp/select2/-/select2-9.0.4.tgz#059dda64ced7c3712c949c8031bde6a86d415e20"
  integrity sha512-/oW+Qro7/6vzH/pwRCFzr8Kon0OGGx+BIODp3vAqtI/K/717m3HriiRJrBLWSy99A3N9hHEgvVZrOsAA4hundA==
  dependencies:
    "@abp/core" "~9.0.4"
    select2 "^4.0.13"

"@abp/sweetalert2@~9.0.4":
  version "9.0.4"
  resolved "https://registry.yarnpkg.com/@abp/sweetalert2/-/sweetalert2-9.0.4.tgz#d02e59a91f4f7e8c42f6c43b24824ec3ccc8e47b"
  integrity sha512-F5bHbGaltUETGKtSjp9H9QzSR3oavFdRmeqVkSma4tlYP4CaSUIqRQzjge5oT6cEjmleK4JVcZpEzTDf0YZt5w==
  dependencies:
    "@abp/core" "~9.0.4"
    sweetalert2 "^11.14.1"

"@abp/timeago@~9.0.4":
  version "9.0.4"
  resolved "https://registry.yarnpkg.com/@abp/timeago/-/timeago-9.0.4.tgz#795b1278fa832391e776f5d77d38f945b92e5a23"
  integrity sha512-1+2+oPYWEV4BEAm/91WWIeDxHI4V1NVxUvLWPy8DMjs2eRIRgiu23wgVQDMUvwxFikgjYabTcoKnAbYwpjChpg==
  dependencies:
    "@abp/jquery" "~9.0.4"
    timeago "^1.6.7"

"@abp/toastr@~9.0.4":
  version "9.0.4"
  resolved "https://registry.yarnpkg.com/@abp/toastr/-/toastr-9.0.4.tgz#fcbd664f3b2a385cb9d578368c33f15eaf01c8ab"
  integrity sha512-mtHfzpibiigApfb1ksoskBHlh3dtnSSjRKCniPD0r5xUKi15OhEIa2BQ8hwO6cbqPJs4LbFzH1yrKcdGM+Cwgw==
  dependencies:
    "@abp/jquery" "~9.0.4"
    toastr "^2.1.4"

"@abp/utils@~9.0.4":
  version "9.0.4"
  resolved "https://registry.yarnpkg.com/@abp/utils/-/utils-9.0.4.tgz#f656623fb6d19413267f950f5d844ee49923deff"
  integrity sha512-NATCHtrqjdHFdjmfe2SejkLDRsFdDa2I4I5sX2fyjS1xFaSCcBZJQ0T4+jrsb1+X2mPX97K1fqGsFowBPbeMKA==
  dependencies:
    just-compare "^2.3.0"

"@abp/virtual-file-explorer@~9.0.4":
  version "9.0.4"
  resolved "https://registry.yarnpkg.com/@abp/virtual-file-explorer/-/virtual-file-explorer-9.0.4.tgz#e63e0a9d4a498cfc70ed58d3404009ab3dfac818"
  integrity sha512-tBg8fxCtmIP02AxjYGt6fp6suyosKNjaU0kBZSFRj1XH4S/tAzEQ0Z0vIMOYafZuGAz5qFxVnBsLJmch+liM5w==
  dependencies:
    "@abp/clipboard" "~9.0.4"
    "@abp/prismjs" "~9.0.4"

"@fortawesome/fontawesome-free@^6.6.0":
  version "6.6.0"
  resolved "https://registry.yarnpkg.com/@fortawesome/fontawesome-free/-/fontawesome-free-6.6.0.tgz#0e984f0f2344ee513c185d87d77defac4c0c8224"
  integrity sha512-60G28ke/sXdtS9KZCpZSHHkCbdsOGEhIUGlwq6yhY74UpTiToIh8np7A8yphhM4BWsvNFtIvLpi4co+h9Mr9Ow==

ansi-colors@^4.1.3:
  version "4.1.3"
  resolved "https://registry.yarnpkg.com/ansi-colors/-/ansi-colors-4.1.3.tgz#37611340eb2243e70cc604cad35d63270d48781b"
  integrity sha512-/6w/C21Pm1A7aZitlI5Ni/2J6FFQN8i1Cvz3kHABAAbw93v/NlvKdVOqz7CCWz/3iv/JplRSEEZ83XION15ovw==

bootstrap-datepicker@^1.10.0:
  version "1.10.0"
  resolved "https://registry.yarnpkg.com/bootstrap-datepicker/-/bootstrap-datepicker-1.10.0.tgz#61612bbe8bf0a69a5bce32bbcdda93ebb6ccf24a"
  integrity sha512-lWxtSYddAQOpbAO8UhYhHLcK6425eWoSjb5JDvZU3ePHEPF6A3eUr51WKaFy4PccU19JRxUG6wEU3KdhtKfvpg==
  dependencies:
    jquery ">=3.4.0 <4.0.0"

bootstrap-daterangepicker@^3.1.0:
  version "3.1.0"
  resolved "https://registry.yarnpkg.com/bootstrap-daterangepicker/-/bootstrap-daterangepicker-3.1.0.tgz#632e6fb2de4b6360c5c0a9d5f6adb9aace051fe8"
  integrity sha512-oaQZx6ZBDo/dZNyXGVi2rx5GmFXThyQLAxdtIqjtLlYVaQUfQALl5JZMJJZzyDIX7blfy4ppZPAJ10g8Ma4d/g==
  dependencies:
    jquery ">=1.10"
    moment "^2.9.0"

bootstrap@^5.3.3:
  version "5.3.3"
  resolved "https://registry.yarnpkg.com/bootstrap/-/bootstrap-5.3.3.tgz#de35e1a765c897ac940021900fcbb831602bac38"
  integrity sha512-8HLCdWgyoMguSO9o+aH+iuZ+aht+mzW0u3HIMzVu7Srrpv7EBBxTnrFlSCskwdY1+EOFQSm7uMJhNQHkdPcmjg==

clipboard@^2.0.11:
  version "2.0.11"
  resolved "https://registry.yarnpkg.com/clipboard/-/clipboard-2.0.11.tgz#62180360b97dd668b6b3a84ec226975762a70be5"
  integrity sha512-C+0bbOqkezLIsmWSvlsXS0Q0bmkugu7jcfMIACB+RDEntIzQIkdr148we28AfSloQLRdZlYL/QYyrq05j/3Faw==
  dependencies:
    good-listener "^1.2.2"
    select "^1.1.2"
    tiny-emitter "^2.0.0"

datatables.net-bs5@^2.1.8:
  version "2.1.8"
  resolved "https://registry.yarnpkg.com/datatables.net-bs5/-/datatables.net-bs5-2.1.8.tgz#860717c4ee85ecb84812ba9a73fb1204aa2a68b6"
  integrity sha512-YlGws8eI3iw/1AmKJH18+YMzm/UgGb6o9s14KAC24QT1/8anolm8GnVAgGcwUcvHm3hn1i8A5QXqgbqeMRINeg==
  dependencies:
    datatables.net "2.1.8"
    jquery ">=1.7"

datatables.net@2.1.8, datatables.net@^2.1.8:
  version "2.1.8"
  resolved "https://registry.yarnpkg.com/datatables.net/-/datatables.net-2.1.8.tgz#9b020f18e927cc924d72411f62dc595cc688669b"
  integrity sha512-47ULt+U4bcjbuGTpTlT6SnCuSFVRBxxdWa6X3NfvTObBJ2BZU0o+JUIl05wQ6cABNIavjbAV51gpgvFsMHL9zA==
  dependencies:
    jquery ">=1.7"

delegate@^3.1.2:
  version "3.2.0"
  resolved "https://registry.yarnpkg.com/delegate/-/delegate-3.2.0.tgz#b66b71c3158522e8ab5744f720d8ca0c2af59166"
  integrity sha512-IofjkYBZaZivn0V8nnsMJGBr4jVLxHDheKSW88PyxS5QC4Vo9ZbZVvhzlSxY87fVq3STR6r+4cGepyHkcWOQSw==

good-listener@^1.2.2:
  version "1.2.2"
  resolved "https://registry.yarnpkg.com/good-listener/-/good-listener-1.2.2.tgz#d53b30cdf9313dffb7dc9a0d477096aa6d145c50"
  integrity sha512-goW1b+d9q/HIwbVYZzZ6SsTr4IgE+WA44A0GmPIQstuOrgsFcT7VEJ48nmr9GaRtNu0XTKacFLGnBPAM6Afouw==
  dependencies:
    delegate "^3.1.2"

jquery-form@^4.3.0:
  version "4.3.0"
  resolved "https://registry.yarnpkg.com/jquery-form/-/jquery-form-4.3.0.tgz#7d3961c314a1f2d15298f4af1d3943f54f4149c6"
  integrity sha512-q3uaVCEWdLOYUCI6dpNdwf/7cJFOsUgdpq6r0taxtGQ5NJSkOzofyWm4jpOuJ5YxdmL1FI5QR+q+HB63HHLGnQ==
  dependencies:
    jquery ">=1.7.2"

jquery-mousewheel@>=3.0.6:
  version "3.1.13"
  resolved "https://registry.yarnpkg.com/jquery-mousewheel/-/jquery-mousewheel-3.1.13.tgz#06f0335f16e353a695e7206bf50503cb523a6ee5"
  integrity sha512-GXhSjfOPyDemM005YCEHvzrEALhKDIswtxSHSR2e4K/suHVJKJxxRCGz3skPjNxjJjQa9AVSGGlYjv1M3VLIPg==

jquery-validation-unobtrusive@^4.0.0:
  version "4.0.0"
  resolved "https://registry.yarnpkg.com/jquery-validation-unobtrusive/-/jquery-validation-unobtrusive-4.0.0.tgz#dfcf25a558496a2c883db6021d10f5398d15f99d"
  integrity sha512-1ervYFFv6LX/rp7ktuLnMakHNG0piNRDyROI8Ir3hL1vPIwylAehB1AY3BPrYJnzW3WmwWryZq+Bz4sazZK9iQ==
  dependencies:
    jquery "^3.6.0"
    jquery-validation ">=1.19"

jquery-validation@>=1.19, jquery-validation@^1.21.0:
  version "1.21.0"
  resolved "https://registry.yarnpkg.com/jquery-validation/-/jquery-validation-1.21.0.tgz#78fc05ab76020912a246af3661b3f54a438bca93"
  integrity sha512-xNot0rlUIgu7duMcQ5qb6MGkGL/Z1PQaRJQoZAURW9+a/2PGOUxY36o/WyNeP2T9R6jvWB8Z9lUVvvQWI/Zs5w==

jquery@>=1.10, jquery@>=1.12.0, "jquery@>=1.5.0 <4.0", jquery@>=1.7, jquery@>=1.7.2:
  version "3.6.4"
  resolved "https://registry.yarnpkg.com/jquery/-/jquery-3.6.4.tgz#ba065c188142100be4833699852bf7c24dc0252f"
  integrity sha512-v28EW9DWDFpzcD9O5iyJXg3R3+q+mET5JhnjJzQUZMHOv67bpSIHq81GEYpPNZHG+XXHsfSme3nxp/hndKEcsQ==

"jquery@>=3.4.0 <4.0.0", jquery@^3.6.0, jquery@~3.7.1:
  version "3.7.1"
  resolved "https://registry.yarnpkg.com/jquery/-/jquery-3.7.1.tgz#083ef98927c9a6a74d05a6af02806566d16274de"
  integrity sha512-m4avr8yL8kmFN8psrbFFFmB/If14iN5o9nw/NgnnM+kybDJpRsAynV2BsfpTYrTRysYUdADVD7CkUUizgkpLfg==

just-compare@^2.3.0:
  version "2.3.0"
  resolved "https://registry.yarnpkg.com/just-compare/-/just-compare-2.3.0.tgz#a2adcc1d1940536263275f5a1ef1298bcacfeda7"
  integrity sha512-6shoR7HDT+fzfL3gBahx1jZG3hWLrhPAf+l7nCwahDdT9XDtosB9kIF0ZrzUp5QY8dJWfQVr5rnsPqsbvflDzg==

lodash@^4.17.21:
  version "4.17.21"
  resolved "https://registry.yarnpkg.com/lodash/-/lodash-4.17.21.tgz#679591c564c3bffaae8454cf0b3df370c3d6911c"
  integrity sha512-v2kDEe57lecTulaDIuNTPy3Ry4gLGJ6Z1O3vE1krgXZNrsQ+LFTGHVxVjcXPs17LhbZVGedAJv8XZ1tvj5FvSg==

luxon@^3.5.0:
  version "3.5.0"
  resolved "https://registry.yarnpkg.com/luxon/-/luxon-3.5.0.tgz#6b6f65c5cd1d61d1fd19dbf07ee87a50bf4b8e20"
  integrity sha512-rh+Zjr6DNfUYR3bPwJEnuwDdqMbxZW7LOQfUN4B54+Cl+0o5zaU9RJ6bcidfDtC1cWCZXQ+nvX8bf6bAji37QQ==

malihu-custom-scrollbar-plugin@^3.1.5:
  version "3.1.5"
  resolved "https://registry.yarnpkg.com/malihu-custom-scrollbar-plugin/-/malihu-custom-scrollbar-plugin-3.1.5.tgz#310cecc5e59415a1c29e9dfb5d2b6e01d66a29ef"
  integrity sha512-lwW3LgI+CNDMPnP4ED2la6oYxWMkCXlnhex+s2wuOLhFDFGnGmQuTQVdRK9bvDLpxs10sGlfErVufJy9ztfgJQ==
  dependencies:
    jquery-mousewheel ">=3.0.6"

moment@^2.30.1:
  version "2.30.1"
  resolved "https://registry.yarnpkg.com/moment/-/moment-2.30.1.tgz#f8c91c07b7a786e30c59926df530b4eac96974ae"
  integrity sha512-uEmtNhbDOrWPFS+hdjFCBfy9f2YoyzRpwcl+DqpC6taX21FzsTLQVbMV/W7PzNSX6x/bhC1zA3c2UQ5NzH6how==

moment@^2.9.0:
  version "2.29.4"
  resolved "https://registry.yarnpkg.com/moment/-/moment-2.29.4.tgz#3dbe052889fe7c1b2ed966fcb3a77328964ef108"
  integrity sha512-5LC9SOxjSc2HF6vO2CyuTDNivEdoz2IvyJJGj6X8DJ0eFyfszE0QiEd+iXmBvUP3WHxSjFH/vIsA0EN00cgr8w==

prismjs@^1.29.0:
  version "1.29.0"
  resolved "https://registry.yarnpkg.com/prismjs/-/prismjs-1.29.0.tgz#f113555a8fa9b57c35e637bba27509dcf802dd12"
  integrity sha512-Kx/1w86q/epKcmte75LNrEoT+lX8pBpavuAbvJWRXar7Hz8jrtF+e3vY751p0R8H9HdArwaCTNDDzHg/ScJK1Q==

select2@^4.0.13:
  version "4.0.13"
  resolved "https://registry.yarnpkg.com/select2/-/select2-4.0.13.tgz#0dbe377df3f96167c4c1626033e924372d8ef44d"
  integrity sha512-1JeB87s6oN/TDxQQYCvS5EFoQyvV6eYMZZ0AeA4tdFDYWN3BAGZ8npr17UBFddU0lgAt3H0yjX3X6/ekOj1yjw==

select@^1.1.2:
  version "1.1.2"
  resolved "https://registry.yarnpkg.com/select/-/select-1.1.2.tgz#0e7350acdec80b1108528786ec1d4418d11b396d"
  integrity sha512-OwpTSOfy6xSs1+pwcNrv0RBMOzI39Lp3qQKUTPVVPRjCdNa5JH/oPRiqsesIskK8TVgmRiHwO4KXlV2Li9dANA==

sweetalert2@^11.14.1:
  version "11.14.4"
  resolved "https://registry.yarnpkg.com/sweetalert2/-/sweetalert2-11.14.4.tgz#0186439674ea4f15991e41cea3af203ee497853c"
  integrity sha512-8QMzjxCuinwm18EK5AtYvuhP+lRMRxTWVXy8om9wGlULsXSI4TD29kyih3VYrSXMMBlD4EShFvNC7slhTC7j0w==

timeago@^1.6.7:
  version "1.6.7"
  resolved "https://registry.yarnpkg.com/timeago/-/timeago-1.6.7.tgz#afd467c29a911e697fc22a81888c7c3022783cb5"
  integrity sha512-FikcjN98+ij0siKH4VO4dZ358PR3oDDq4Vdl1+sN9gWz1/+JXGr3uZbUShYH/hL7bMhcTpPbplJU5Tej4b4jbQ==
  dependencies:
    jquery ">=1.5.0 <4.0"

tiny-emitter@^2.0.0:
  version "2.1.0"
  resolved "https://registry.yarnpkg.com/tiny-emitter/-/tiny-emitter-2.1.0.tgz#1d1a56edfc51c43e863cbb5382a72330e3555423"
  integrity sha512-NB6Dk1A9xgQPMoGqC5CVXn123gWyte215ONT5Pp5a0yt4nlEoO1ZWeCwpncaekPHXO60i47ihFnZPiRPjRMq4Q==

toastr@^2.1.4:
  version "2.1.4"
  resolved "https://registry.yarnpkg.com/toastr/-/toastr-2.1.4.tgz#8b43be64fb9d0c414871446f2db8e8ca4e95f181"
  integrity sha512-LIy77F5n+sz4tefMmFOntcJ6HL0Fv3k1TDnNmFZ0bU/GcvIIfy6eG2v7zQmMiYgaalAiUv75ttFrPn5s0gyqlA==
  dependencies:
    jquery ">=1.12.0"
